// !$*UTF8*$!
{
	archiveVersion = 1;
	classes = {
	};
	objectVersion = 56;
	objects = {

/* Begin PBXBuildFile section */
		260BBE2E2B9B62F400FCDE97 /* FetchDemoApp.swift in Sources */ = {isa = PBXBuildFile; fileRef = 260BBE2D2B9B62F400FCDE97 /* FetchDemoApp.swift */; };
		260BBE302B9B62F400FCDE97 /* ContentView.swift in Sources */ = {isa = PBXBuildFile; fileRef = 260BBE2F2B9B62F400FCDE97 /* ContentView.swift */; };
		260BBE322B9B62F600FCDE97 /* Assets.xcassets in Resources */ = {isa = PBXBuildFile; fileRef = 260BBE312B9B62F600FCDE97 /* Assets.xcassets */; };
		260BBE352B9B62F600FCDE97 /* Preview Assets.xcassets in Resources */ = {isa = PBXBuildFile; fileRef = 260BBE342B9B62F600FCDE97 /* Preview Assets.xcassets */; };
		260BBE3C2B9B635600FCDE97 /* JsonDataHandler.swift in Sources */ = {isa = PBXBuildFile; fileRef = 260BBE3B2B9B635600FCDE97 /* JsonDataHandler.swift */; };
		260BBE3E2B9B65F100FCDE97 /* Item.swift in Sources */ = {isa = PBXBuildFile; fileRef = 260BBE3D2B9B65F100FCDE97 /* Item.swift */; };
		260BBE532B9B78BD00FCDE97 /* ItemCell.swift in Sources */ = {isa = PBXBuildFile; fileRef = 260BBE522B9B78BD00FCDE97 /* ItemCell.swift */; };
		260BBE582B9B883500FCDE97 /* README.md in Resources */ = {isa = PBXBuildFile; fileRef = 260BBE572B9B883500FCDE97 /* README.md */; };
/* End PBXBuildFile section */

/* Begin PBXContainerItemProxy section */
		260BBE492B9B6B9C00FCDE97 /* PBXContainerItemProxy */ = {
			isa = PBXContainerItemProxy;
			containerPortal = 260BBE222B9B62F400FCDE97 /* Project object */;
			proxyType = 1;
			remoteGlobalIDString = 260BBE292B9B62F400FCDE97;
			remoteInfo = FetchDemo;
		};
/* End PBXContainerItemProxy section */

/* Begin PBXFileReference section */
		260BBE2A2B9B62F400FCDE97 /* FetchDemo.app */ = {isa = PBXFileReference; explicitFileType = wrapper.application; includeInIndex = 0; path = FetchDemo.app; sourceTree = BUILT_PRODUCTS_DIR; };
		260BBE2D2B9B62F400FCDE97 /* FetchDemoApp.swift */ = {isa = PBXFileReference; lastKnownFileType = sourcecode.swift; path = FetchDemoApp.swift; sourceTree = "<group>"; };
		260BBE2F2B9B62F400FCDE97 /* ContentView.swift */ = {isa = PBXFileReference; lastKnownFileType = sourcecode.swift; path = ContentView.swift; sourceTree = "<group>"; };
		260BBE312B9B62F600FCDE97 /* Assets.xcassets */ = {isa = PBXFileReference; lastKnownFileType = folder.assetcatalog; path = Assets.xcassets; sourceTree = "<group>"; };
		260BBE342B9B62F600FCDE97 /* Preview Assets.xcassets */ = {isa = PBXFileReference; lastKnownFileType = folder.assetcatalog; path = "Preview Assets.xcassets"; sourceTree = "<group>"; };
		260BBE3B2B9B635600FCDE97 /* JsonDataHandler.swift */ = {isa = PBXFileReference; lastKnownFileType = sourcecode.swift; path = JsonDataHandler.swift; sourceTree = "<group>"; };
		260BBE3D2B9B65F100FCDE97 /* Item.swift */ = {isa = PBXFileReference; lastKnownFileType = sourcecode.swift; path = Item.swift; sourceTree = "<group>"; };
		260BBE452B9B6B9C00FCDE97 /* FetchDemoTests.xctest */ = {isa = PBXFileReference; explicitFileType = wrapper.cfbundle; includeInIndex = 0; path = FetchDemoTests.xctest; sourceTree = BUILT_PRODUCTS_DIR; };
		260BBE522B9B78BD00FCDE97 /* ItemCell.swift */ = {isa = PBXFileReference; lastKnownFileType = sourcecode.swift; path = ItemCell.swift; sourceTree = "<group>"; };
		260BBE572B9B883500FCDE97 /* README.md */ = {isa = PBXFileReference; lastKnownFileType = net.daringfireball.markdown; path = README.md; sourceTree = "<group>"; };
/* End PBXFileReference section */

/* Begin PBXFrameworksBuildPhase section */
		260BBE272B9B62F400FCDE97 /* Frameworks */ = {
			isa = PBXFrameworksBuildPhase;
			buildActionMask = 2147483647;
			files = (
			);
			runOnlyForDeploymentPostprocessing = 0;
		};
		260BBE422B9B6B9C00FCDE97 /* Frameworks */ = {
			isa = PBXFrameworksBuildPhase;
			buildActionMask = 2147483647;
			files = (
			);
			runOnlyForDeploymentPostprocessing = 0;
		};
/* End PBXFrameworksBuildPhase section */

/* Begin PBXGroup section */
		260BBE212B9B62F400FCDE97 = {
			isa = PBXGroup;
			children = (
				260BBE2C2B9B62F400FCDE97 /* FetchDemo */,
				260BBE2B2B9B62F400FCDE97 /* Products */,
			);
			sourceTree = "<group>";
		};
		260BBE2B2B9B62F400FCDE97 /* Products */ = {
			isa = PBXGroup;
			children = (
				260BBE2A2B9B62F400FCDE97 /* FetchDemo.app */,
				260BBE452B9B6B9C00FCDE97 /* FetchDemoTests.xctest */,
			);
			name = Products;
			sourceTree = "<group>";
		};
		260BBE2C2B9B62F400FCDE97 /* FetchDemo */ = {
			isa = PBXGroup;
			children = (
				260BBE2D2B9B62F400FCDE97 /* FetchDemoApp.swift */,
				260BBE2F2B9B62F400FCDE97 /* ContentView.swift */,
				260BBE592B9B898800FCDE97 /* Data */,
				260BBE542B9B804000FCDE97 /* HelperView */,
				260BBE312B9B62F600FCDE97 /* Assets.xcassets */,
				260BBE332B9B62F600FCDE97 /* Preview Content */,
				260BBE572B9B883500FCDE97 /* README.md */,
			);
			path = FetchDemo;
			sourceTree = "<group>";
		};
		260BBE332B9B62F600FCDE97 /* Preview Content */ = {
			isa = PBXGroup;
			children = (
				260BBE342B9B62F600FCDE97 /* Preview Assets.xcassets */,
			);
			path = "Preview Content";
			sourceTree = "<group>";
		};
		260BBE542B9B804000FCDE97 /* HelperView */ = {
			isa = PBXGroup;
			children = (
				260BBE522B9B78BD00FCDE97 /* ItemCell.swift */,
			);
			path = HelperView;
			sourceTree = "<group>";
		};
		260BBE592B9B898800FCDE97 /* Data */ = {
			isa = PBXGroup;
			children = (
				260BBE3B2B9B635600FCDE97 /* JsonDataHandler.swift */,
				260BBE3D2B9B65F100FCDE97 /* Item.swift */,
			);
			path = Data;
			sourceTree = "<group>";
		};
/* End PBXGroup section */

/* Begin PBXNativeTarget section */
		260BBE292B9B62F400FCDE97 /* FetchDemo */ = {
			isa = PBXNativeTarget;
			buildConfigurationList = 260BBE382B9B62F600FCDE97 /* Build configuration list for PBXNativeTarget "FetchDemo" */;
			buildPhases = (
				260BBE262B9B62F400FCDE97 /* Sources */,
				260BBE272B9B62F400FCDE97 /* Frameworks */,
				260BBE282B9B62F400FCDE97 /* Resources */,
			);
			buildRules = (
			);
			dependencies = (
			);
			name = FetchDemo;
			productName = FetchDemo;
			productReference = 260BBE2A2B9B62F400FCDE97 /* FetchDemo.app */;
			productType = "com.apple.product-type.application";
		};
		260BBE442B9B6B9C00FCDE97 /* FetchDemoTests */ = {
			isa = PBXNativeTarget;
			buildConfigurationList = 260BBE4B2B9B6B9C00FCDE97 /* Build configuration list for PBXNativeTarget "FetchDemoTests" */;
			buildPhases = (
				260BBE412B9B6B9C00FCDE97 /* Sources */,
				260BBE422B9B6B9C00FCDE97 /* Frameworks */,
				260BBE432B9B6B9C00FCDE97 /* Resources */,
			);
			buildRules = (
			);
			dependencies = (
				260BBE4A2B9B6B9C00FCDE97 /* PBXTargetDependency */,
			);
			name = FetchDemoTests;
			productName = FetchDemoTests;
			productReference = 260BBE452B9B6B9C00FCDE97 /* FetchDemoTests.xctest */;
			productType = "com.apple.product-type.bundle.unit-test";
		};
/* End PBXNativeTarget section */

/* Begin PBXProject section */
		260BBE222B9B62F400FCDE97 /* Project object */ = {
			isa = PBXProject;
			attributes = {
				BuildIndependentTargetsInParallel = 1;
				LastSwiftUpdateCheck = 1520;
				LastUpgradeCheck = 1520;
				TargetAttributes = {
					260BBE292B9B62F400FCDE97 = {
						CreatedOnToolsVersion = 15.2;
					};
					260BBE442B9B6B9C00FCDE97 = {
						CreatedOnToolsVersion = 15.2;
						TestTargetID = 260BBE292B9B62F400FCDE97;
					};
				};
			};
			buildConfigurationList = 260BBE252B9B62F400FCDE97 /* Build configuration list for PBXProject "FetchDemo" */;
			compatibilityVersion = "Xcode 14.0";
			developmentRegion = en;
			hasScannedForEncodings = 0;
			knownRegions = (
				en,
				Base,
			);
			mainGroup = 260BBE212B9B62F400FCDE97;
			productRefGroup = 260BBE2B2B9B62F400FCDE97 /* Products */;
			projectDirPath = "";
			projectRoot = "";
			targets = (
				260BBE292B9B62F400FCDE97 /* FetchDemo */,
				260BBE442B9B6B9C00FCDE97 /* FetchDemoTests */,
			);
		};
/* End PBXProject section */

/* Begin PBXResourcesBuildPhase section */
		260BBE282B9B62F400FCDE97 /* Resources */ = {
			isa = PBXResourcesBuildPhase;
			buildActionMask = 2147483647;
			files = (
				260BBE582B9B883500FCDE97 /* README.md in Resources */,
				260BBE352B9B62F600FCDE97 /* Preview Assets.xcassets in Resources */,
				260BBE322B9B62F600FCDE97 /* Assets.xcassets in Resources */,
			);
			runOnlyForDeploymentPostprocessing = 0;
		};
		260BBE432B9B6B9C00FCDE97 /* Resources */ = {
			isa = PBXResourcesBuildPhase;
			buildActionMask = 2147483647;
			files = (
			);
			runOnlyForDeploymentPostprocessing = 0;
		};
/* End PBXResourcesBuildPhase section */

/* Begin PBXSourcesBuildPhase section */
		260BBE262B9B62F400FCDE97 /* Sources */ = {
			isa = PBXSourcesBuildPhase;
			buildActionMask = 2147483647;
			files = (
				260BBE3E2B9B65F100FCDE97 /* Item.swift in Sources */,
				260BBE302B9B62F400FCDE97 /* ContentView.swift in Sources */,
				260BBE3C2B9B635600FCDE97 /* JsonDataHandler.swift in Sources */,
				260BBE2E2B9B62F400FCDE97 /* FetchDemoApp.swift in Sources */,
				260BBE532B9B78BD00FCDE97 /* ItemCell.swift in Sources */,
			);
			runOnlyForDeploymentPostprocessing = 0;
		};
		260BBE412B9B6B9C00FCDE97 /* Sources */ = {
			isa = PBXSourcesBuildPhase;
			buildActionMask = 2147483647;
			files = (
			);
			runOnlyForDeploymentPostprocessing = 0;
		};
/* End PBXSourcesBuildPhase section */

/* Begin PBXTargetDependency section */
		260BBE4A2B9B6B9C00FCDE97 /* PBXTargetDependency */ = {
			isa = PBXTargetDependency;
			target = 260BBE292B9B62F400FCDE97 /* FetchDemo */;
			targetProxy = 260BBE492B9B6B9C00FCDE97 /* PBXContainerItemProxy */;
		};
/* End PBXTargetDependency section */

/* Begin XCBuildConfiguration section */
		260BBE362B9B62F600FCDE97 /* Debug */ = {
			isa = XCBuildConfiguration;
			buildSettings = {
				ALWAYS_SEARCH_USER_PATHS = NO;
				ASSETCATALOG_COMPILER_GENERATE_SWIFT_ASSET_SYMBOL_EXTENSIONS = YES;
				CLANG_ANALYZER_NONNULL = YES;
				CLANG_ANALYZER_NUMBER_OBJECT_CONVERSION = YES_AGGRESSIVE;
				CLANG_CXX_LANGUAGE_STANDARD = "gnu++20";
				CLANG_ENABLE_MODULES = YES;
				CLANG_ENABLE_OBJC_ARC = YES;
				CLANG_ENABLE_OBJC_WEAK = YES;
				CLANG_WARN_BLOCK_CAPTURE_AUTORELEASING = YES;
				CLANG_WARN_BOOL_CONVERSION = YES;
				CLANG_WARN_COMMA = YES;
				CLANG_WARN_CONSTANT_CONVERSION = YES;
				CLANG_WARN_DEPRECATED_OBJC_IMPLEMENTATIONS = YES;
				CLANG_WARN_DIRECT_OBJC_ISA_USAGE = YES_ERROR;
				CLANG_WARN_DOCUMENTATION_COMMENTS = YES;
				CLANG_WARN_EMPTY_BODY = YES;
				CLANG_WARN_ENUM_CONVERSION = YES;
				CLANG_WARN_INFINITE_RECURSION = YES;
				CLANG_WARN_INT_CONVERSION = YES;
				CLANG_WARN_NON_LITERAL_NULL_CONVERSION = YES;
				CLANG_WARN_OBJC_IMPLICIT_RETAIN_SELF = YES;
				CLANG_WARN_OBJC_LITERAL_CONVERSION = YES;
				CLANG_WARN_OBJC_ROOT_CLASS = YES_ERROR;
				CLANG_WARN_QUOTED_INCLUDE_IN_FRAMEWORK_HEADER = YES;
				CLANG_WARN_RANGE_LOOP_ANALYSIS = YES;
				CLANG_WARN_STRICT_PROTOTYPES = YES;
				CLANG_WARN_SUSPICIOUS_MOVE = YES;
				CLANG_WARN_UNGUARDED_AVAILABILITY = YES_AGGRESSIVE;
				CLANG_WARN_UNREACHABLE_CODE = YES;
				CLANG_WARN__DUPLICATE_METHOD_MATCH = YES;
				COPY_PHASE_STRIP = NO;
				DEBUG_INFORMATION_FORMAT = dwarf;
				ENABLE_STRICT_OBJC_MSGSEND = YES;
				ENABLE_TESTABILITY = YES;
				ENABLE_USER_SCRIPT_SANDBOXING = YES;
				GCC_C_LANGUAGE_STANDARD = gnu17;
				GCC_DYNAMIC_NO_PIC = NO;
				GCC_NO_COMMON_BLOCKS = YES;
				GCC_OPTIMIZATION_LEVEL = 0;
				GCC_PREPROCESSOR_DEFINITIONS = (
					"DEBUG=1",
					"$(inherited)",
				);
				GCC_WARN_64_TO_32_BIT_CONVERSION = YES;
				GCC_WARN_ABOUT_RETURN_TYPE = YES_ERROR;
				GCC_WARN_UNDECLARED_SELECTOR = YES;
				GCC_WARN_UNINITIALIZED_AUTOS = YES_AGGRESSIVE;
				GCC_WARN_UNUSED_FUNCTION = YES;
				GCC_WARN_UNUSED_VARIABLE = YES;
				IPHONEOS_DEPLOYMENT_TARGET = 17.2;
				LOCALIZATION_PREFERS_STRING_CATALOGS = YES;
				MTL_ENABLE_DEBUG_INFO = INCLUDE_SOURCE;
				MTL_FAST_MATH = YES;
				ONLY_ACTIVE_ARCH = YES;
				SDKROOT = iphoneos;
				SWIFT_ACTIVE_COMPILATION_CONDITIONS = "DEBUG $(inherited)";
				SWIFT_OPTIMIZATION_LEVEL = "-Onone";
			};
			name = Debug;
		};
		260BBE372B9B62F600FCDE97 /* Release */ = {
			isa = XCBuildConfiguration;
			buildSettings = {
				ALWAYS_SEARCH_USER_PATHS = NO;
				ASSETCATALOG_COMPILER_GENERATE_SWIFT_ASSET_SYMBOL_EXTENSIONS = YES;
				CLANG_ANALYZER_NONNULL = YES;
				CLANG_ANALYZER_NUMBER_OBJECT_CONVERSION = YES_AGGRESSIVE;
				CLANG_CXX_LANGUAGE_STANDARD = "gnu++20";
				CLANG_ENABLE_MODULES = YES;
				CLANG_ENABLE_OBJC_ARC = YES;
				CLANG_ENABLE_OBJC_WEAK = YES;
				CLANG_WARN_BLOCK_CAPTURE_AUTORELEASING = YES;
				CLANG_WARN_BOOL_CONVERSION = YES;
				CLANG_WARN_COMMA = YES;
				CLANG_WARN_CONSTANT_CONVERSION = YES;
				CLANG_WARN_DEPRECATED_OBJC_IMPLEMENTATIONS = YES;
				CLANG_WARN_DIRECT_OBJC_ISA_USAGE = YES_ERROR;
				CLANG_WARN_DOCUMENTATION_COMMENTS = YES;
				CLANG_WARN_EMPTY_BODY = YES;
				CLANG_WARN_ENUM_CONVERSION = YES;
				CLANG_WARN_INFINITE_RECURSION = YES;
				CLANG_WARN_INT_CONVERSION = YES;
				CLANG_WARN_NON_LITERAL_NULL_CONVERSION = YES;
				CLANG_WARN_OBJC_IMPLICIT_RETAIN_SELF = YES;
				CLANG_WARN_OBJC_LITERAL_CONVERSION = YES;
				CLANG_WARN_OBJC_ROOT_CLASS = YES_ERROR;
				CLANG_WARN_QUOTED_INCLUDE_IN_FRAMEWORK_HEADER = YES;
				CLANG_WARN_RANGE_LOOP_ANALYSIS = YES;
				CLANG_WARN_STRICT_PROTOTYPES = YES;
				CLANG_WARN_SUSPICIOUS_MOVE = YES;
				CLANG_WARN_UNGUARDED_AVAILABILITY = YES_AGGRESSIVE;
				CLANG_WARN_UNREACHABLE_CODE = YES;
				CLANG_WARN__DUPLICATE_METHOD_MATCH = YES;
				COPY_PHASE_STRIP = NO;
				DEBUG_INFORMATION_FORMAT = "dwarf-with-dsym";
				ENABLE_NS_ASSERTIONS = NO;
				ENABLE_STRICT_OBJC_MSGSEND = YES;
				ENABLE_USER_SCRIPT_SANDBOXING = YES;
				GCC_C_LANGUAGE_STANDARD = gnu17;
				GCC_NO_COMMON_BLOCKS = YES;
				GCC_WARN_64_TO_32_BIT_CONVERSION = YES;
				GCC_WARN_ABOUT_RETURN_TYPE = YES_ERROR;
				GCC_WARN_UNDECLARED_SELECTOR = YES;
				GCC_WARN_UNINITIALIZED_AUTOS = YES_AGGRESSIVE;
				GCC_WARN_UNUSED_FUNCTION = YES;
				GCC_WARN_UNUSED_VARIABLE = YES;
				IPHONEOS_DEPLOYMENT_TARGET = 17.2;
				LOCALIZATION_PREFERS_STRING_CATALOGS = YES;
				MTL_ENABLE_DEBUG_INFO = NO;
				MTL_FAST_MATH = YES;
				SDKROOT = iphoneos;
				SWIFT_COMPILATION_MODE = wholemodule;
				VALIDATE_PRODUCT = YES;
			};
			name = Release;
		};
		260BBE392B9B62F600FCDE97 /* Debug */ = {
			isa = XCBuildConfiguration;
			buildSettings = {
				ASSETCATALOG_COMPILER_APPICON_NAME = AppIcon;
				ASSETCATALOG_COMPILER_GLOBAL_ACCENT_COLOR_NAME = AccentColor;
				CODE_SIGN_STYLE = Automatic;
				CURRENT_PROJECT_VERSION = 1;
				DEVELOPMENT_ASSET_PATHS = "\"FetchDemo/Preview Content\"";
				DEVELOPMENT_TEAM = H23CDJSVEF;
				ENABLE_PREVIEWS = YES;
				GENERATE_INFOPLIST_FILE = YES;
				INFOPLIST_KEY_UIApplicationSceneManifest_Generation = YES;
				INFOPLIST_KEY_UIApplicationSupportsIndirectInputEvents = YES;
				INFOPLIST_KEY_UILaunchScreen_Generation = YES;
				INFOPLIST_KEY_UISupportedInterfaceOrientations_iPad = "UIInterfaceOrientationPortrait UIInterfaceOrientationPortraitUpsideDown UIInterfaceOrientationLandscapeLeft UIInterfaceOrientationLandscapeRight";
				INFOPLIST_KEY_UISupportedInterfaceOrientations_iPhone = "UIInterfaceOrientationPortrait UIInterfaceOrientationLandscapeLeft UIInterfaceOrientationLandscapeRight";
				LD_RUNPATH_SEARCH_PATHS = (
					"$(inherited)",
					"@executable_path/Frameworks",
				);
				MARKETING_VERSION = 1.0;
				PRODUCT_BUNDLE_IDENTIFIER = com.bulahuang.FetchDemo;
				PRODUCT_NAME = "$(TARGET_NAME)";
				SWIFT_EMIT_LOC_STRINGS = YES;
				SWIFT_VERSION = 5.0;
				TARGETED_DEVICE_FAMILY = "1,2";
			};
			name = Debug;
		};
		260BBE3A2B9B62F600FCDE97 /* Release */ = {
			isa = XCBuildConfiguration;
			buildSettings = {
				ASSETCATALOG_COMPILER_APPICON_NAME = AppIcon;
				ASSETCATALOG_COMPILER_GLOBAL_ACCENT_COLOR_NAME = AccentColor;
				CODE_SIGN_STYLE = Automatic;
				CURRENT_PROJECT_VERSION = 1;
				DEVELOPMENT_ASSET_PATHS = "\"FetchDemo/Preview Content\"";
				DEVELOPMENT_TEAM = H23CDJSVEF;
				ENABLE_PREVIEWS = YES;
				GENERATE_INFOPLIST_FILE = YES;
				INFOPLIST_KEY_UIApplicationSceneManifest_Generation = YES;
				INFOPLIST_KEY_UIApplicationSupportsIndirectInputEvents = YES;
				INFOPLIST_KEY_UILaunchScreen_Generation = YES;
				INFOPLIST_KEY_UISupportedInterfaceOrientations_iPad = "UIInterfaceOrientationPortrait UIInterfaceOrientationPortraitUpsideDown UIInterfaceOrientationLandscapeLeft UIInterfaceOrientationLandscapeRight";
				INFOPLIST_KEY_UISupportedInterfaceOrientations_iPhone = "UIInterfaceOrientationPortrait UIInterfaceOrientationLandscapeLeft UIInterfaceOrientationLandscapeRight";
				LD_RUNPATH_SEARCH_PATHS = (
					"$(inherited)",
					"@executable_path/Frameworks",
				);
				MARKETING_VERSION = 1.0;
				PRODUCT_BUNDLE_IDENTIFIER = com.bulahuang.FetchDemo;
				PRODUCT_NAME = "$(TARGET_NAME)";
				SWIFT_EMIT_LOC_STRINGS = YES;
				SWIFT_VERSION = 5.0;
				TARGETED_DEVICE_FAMILY = "1,2";
			};
			name = Release;
		};
		260BBE4C2B9B6B9C00FCDE97 /* Debug */ = {
			isa = XCBuildConfiguration;
			buildSettings = {
				BUNDLE_LOADER = "$(TEST_HOST)";
				CODE_SIGN_STYLE = Automatic;
				CURRENT_PROJECT_VERSION = 1;
				DEVELOPMENT_TEAM = H23CDJSVEF;
				GENERATE_INFOPLIST_FILE = YES;
				MARKETING_VERSION = 1.0;
				PRODUCT_BUNDLE_IDENTIFIER = com.bulahuang.FetchDemoTests;
				PRODUCT_NAME = "$(TARGET_NAME)";
				SWIFT_EMIT_LOC_STRINGS = NO;
				SWIFT_VERSION = 5.0;
				TARGETED_DEVICE_FAMILY = "1,2";
				TEST_HOST = "$(BUILT_PRODUCTS_DIR)/FetchDemo.app/$(BUNDLE_EXECUTABLE_FOLDER_PATH)/FetchDemo";
			};
			name = Debug;
		};
		260BBE4D2B9B6B9C00FCDE97 /* Release */ = {
			isa = XCBuildConfiguration;
			buildSettings = {
				BUNDLE_LOADER = "$(TEST_HOST)";
				CODE_SIGN_STYLE = Automatic;
				CURRENT_PROJECT_VERSION = 1;
				DEVELOPMENT_TEAM = H23CDJSVEF;
				GENERATE_INFOPLIST_FILE = YES;
				MARKETING_VERSION = 1.0;
				PRODUCT_BUNDLE_IDENTIFIER = com.bulahuang.FetchDemoTests;
				PRODUCT_NAME = "$(TARGET_NAME)";
				SWIFT_EMIT_LOC_STRINGS = NO;
				SWIFT_VERSION = 5.0;
				TARGETED_DEVICE_FAMILY = "1,2";
				TEST_HOST = "$(BUILT_PRODUCTS_DIR)/FetchDemo.app/$(BUNDLE_EXECUTABLE_FOLDER_PATH)/FetchDemo";
			};
			name = Release;
		};
/* End XCBuildConfiguration section */

/* Begin XCConfigurationList section */
		260BBE252B9B62F400FCDE97 /* Build configuration list for PBXProject "FetchDemo" */ = {
			isa = XCConfigurationList;
			buildConfigurations = (
				260BBE362B9B62F600FCDE97 /* Debug */,
				260BBE372B9B62F600FCDE97 /* Release */,
			);
			defaultConfigurationIsVisible = 0;
			defaultConfigurationName = Release;
		};
		260BBE382B9B62F600FCDE97 /* Build configuration list for PBXNativeTarget "FetchDemo" */ = {
			isa = XCConfigurationList;
			buildConfigurations = (
				260BBE392B9B62F600FCDE97 /* Debug */,
				260BBE3A2B9B62F600FCDE97 /* Release */,
			);
			defaultConfigurationIsVisible = 0;
			defaultConfigurationName = Release;
		};
		260BBE4B2B9B6B9C00FCDE97 /* Build configuration list for PBXNativeTarget "FetchDemoTests" */ = {
			isa = XCConfigurationList;
			buildConfigurations = (
				260BBE4C2B9B6B9C00FCDE97 /* Debug */,
				260BBE4D2B9B6B9C00FCDE97 /* Release */,
			);
			defaultConfigurationIsVisible = 0;
			defaultConfigurationName = Release;
		};
/* End XCConfigurationList section */
	};
	rootObject = 260BBE222B9B62F400FCDE97 /* Project object */;
}
